
Microsoft Visual Studio Solution File, Format Version 12.00
# Visual Studio Version 17
VisualStudioVersion = 17.2.32505.173
MinimumVisualStudioVersion = 10.0.40219.1
Project("{2150E333-8FDC-42A3-9474-1A3956D46DE8}") = "src", "src", "{308F1746-C671-4F60-B617-419A4A0E6AD7}"
EndProject
Project("{2150E333-8FDC-42A3-9474-1A3956D46DE8}") = "tests", "tests", "{9615F487-9923-44CF-99F5-7156F9DBCCC1}"
EndProject
Project("{9A19103F-16F7-4668-BE54-9A1E7A4F7556}") = "Easy.Tool.IgnoresAccessChecks", "src\Easy.Tool.IgnoresAccessChecks\Easy.Tool.IgnoresAccessChecks.csproj", "{16F7070D-C4D0-464F-93C6-707FA5428C31}"
EndProject
Project("{9A19103F-16F7-4668-BE54-9A1E7A4F7556}") = "Easy.Tool.IgnoresAccessChecks.Test", "tests\Easy.Tool.IgnoresAccessChecks.Test\Easy.Tool.IgnoresAccessChecks.Test.csproj", "{CA674126-7119-45E4-9335-C22B8310611A}"
EndProject
Project("{FAE04EC0-301F-11D3-BF4B-00C04F79EFBC}") = "Easy.Tool.IgnoresAccessChecks.NuGetTest", "tests\Easy.Tool.IgnoresAccessChecks.NuGetTest\Easy.Tool.IgnoresAccessChecks.NuGetTest.csproj", "{057F9EF8-A108-4D24-B227-9761FFEFCC12}"
EndProject
Global
	GlobalSection(SolutionConfigurationPlatforms) = preSolution
		Debug|Any CPU = Debug|Any CPU
		Release|Any CPU = Release|Any CPU
	EndGlobalSection
	GlobalSection(ProjectConfigurationPlatforms) = postSolution
		{16F7070D-C4D0-464F-93C6-707FA5428C31}.Debug|Any CPU.ActiveCfg = Debug|Any CPU
		{16F7070D-C4D0-464F-93C6-707FA5428C31}.Debug|Any CPU.Build.0 = Debug|Any CPU
		{16F7070D-C4D0-464F-93C6-707FA5428C31}.Release|Any CPU.ActiveCfg = Release|Any CPU
		{16F7070D-C4D0-464F-93C6-707FA5428C31}.Release|Any CPU.Build.0 = Release|Any CPU
		{CA674126-7119-45E4-9335-C22B8310611A}.Debug|Any CPU.ActiveCfg = Debug|Any CPU
		{CA674126-7119-45E4-9335-C22B8310611A}.Debug|Any CPU.Build.0 = Debug|Any CPU
		{CA674126-7119-45E4-9335-C22B8310611A}.Release|Any CPU.ActiveCfg = Release|Any CPU
		{CA674126-7119-45E4-9335-C22B8310611A}.Release|Any CPU.Build.0 = Release|Any CPU
		{057F9EF8-A108-4D24-B227-9761FFEFCC12}.Debug|Any CPU.ActiveCfg = Debug|Any CPU
		{057F9EF8-A108-4D24-B227-9761FFEFCC12}.Debug|Any CPU.Build.0 = Debug|Any CPU
		{057F9EF8-A108-4D24-B227-9761FFEFCC12}.Release|Any CPU.ActiveCfg = Release|Any CPU
		{057F9EF8-A108-4D24-B227-9761FFEFCC12}.Release|Any CPU.Build.0 = Release|Any CPU
	EndGlobalSection
	GlobalSection(SolutionProperties) = preSolution
		HideSolutionNode = FALSE
	EndGlobalSection
	GlobalSection(NestedProjects) = preSolution
		{16F7070D-C4D0-464F-93C6-707FA5428C31} = {308F1746-C671-4F60-B617-419A4A0E6AD7}
		{CA674126-7119-45E4-9335-C22B8310611A} = {9615F487-9923-44CF-99F5-7156F9DBCCC1}
		{057F9EF8-A108-4D24-B227-9761FFEFCC12} = {9615F487-9923-44CF-99F5-7156F9DBCCC1}
	EndGlobalSection
	GlobalSection(ExtensibilityGlobals) = postSolution
		SolutionGuid = {22C6F8CC-7C2D-41AC-BC4A-799BAE8C4523}
	EndGlobalSection
EndGlobal
